{
  "name": "seed2deed",
  "version": "1.0.0",
  "lockfileVersion": 3,
  "requires": true,
  "packages": {
    "": {
      "name": "seed2deed",
      "version": "1.0.0",
      "workspaces": [
        "packages/*"
      ],
      "engines": {
        "node": ">=20"
      }
    },
    "node_modules/@aztec/bb.js": {
      "version": "5.2.0",
      "resolved": "https://registry.npmjs.org/@aztec/bb.js/-/bb.js-5.2.0.tgz",
      "integrity": "sha512-XQRbl6TfHg7xXwf4b3cNSggtwsIxl2z2/zV49/Ahxa1Nc1D7x05NY0QL5mYSRdOJlGKZ3TUTH48lDWAwJSVulg==",
      "license": "MIT",
      "dependencies": {
        "comlink": "^4.4.1",
        "commander": "^12.1.0",
        "idb-keyval": "^6.2.1",
        "msgpackr": "^1.11.2",
        "pako": "^2.1.0",
        "tslib": "^2.4.0"
      },
      "bin": {
        "bb": "dest/node/bin/index.js"
      }
    },
    "node_modules/@msgpackr-extract/msgpackr-extract-darwin-arm64": {
      "version": "3.0.4",
      "resolved": "https://registry.npmjs.org/@msgpackr-extract/msgpackr-extract-darwin-arm64/-/msgpackr-extract-darwin-arm64-3.0.4.tgz",
      "integrity": "sha512-LCkGo6JDfaBhgST7UpPWgNgLINpcpabaHfyz5OBx75nUYxBsaEPxjnyNjWpeb/xBup/682QnBfRBy2/LvPutZQ==",
      "cpu": [
        "arm64"
      ],
      "license": "MIT",
      "optional": true,
      "os": [
        "darwin"
      ]
    },
    "node_modules/@msgpackr-extract/msgpackr-extract-darwin-x64": {
      "version": "3.0.4",
      "resolved": "https://registry.npmjs.org/@msgpackr-extract/msgpackr-extract-darwin-x64/-/msgpackr-extract-darwin-x64-3.0.4.tgz",
      "integrity": "sha512-zExlW9zUJKZH/tOtVMttwjKa4Xm/3KcNjnE3dPN92uCktwavMxpgCA3MoJK/DOnTWsQgo224OaST27/mPNAf+w==",
      "cpu": [
        "x64"
      ],
      "license": "MIT",
      "optional": true,
      "os": [
        "darwin"
      ]
    },
    "node_modules/@msgpackr-extract/msgpackr-extract-linux-arm": {
      "version": "3.0.4",
      "resolved": "https://registry.npmjs.org/@msgpackr-extract/msgpackr-extract-linux-arm/-/msgpackr-extract-linux-arm-3.0.4.tgz",
      "integrity": "sha512-Tg3yX65f5GbtXLkrYEHE5oibZG9epyYWas7FogTTEJeDEF9JlXJzKgXaNhT3UXlTOeA+AfZpYZYZ0uPj7Cfquw==",
      "cpu": [
        "arm"
      ],
      "license": "MIT",
      "optional": true,
      "os": [
        "linux"
      ]
    },
    "node_modules/@msgpackr-extract/msgpackr-extract-linux-arm64": {
      "version": "3.0.4",
      "resolved": "https://registry.npmjs.org/@msgpackr-extract/msgpackr-extract-linux-arm64/-/msgpackr-extract-linux-arm64-3.0.4.tgz",
      "integrity": "sha512-dgX0P/9wGPJeHFBG+ZmhgE6bmtMt7NP5CRBGyyktpopdk/mW4POnrpQsSLtKI1dwpc+pPLuXHDh6vvskyQE/sw==",
      "cpu": [
        "arm64"
      ],
      "license": "MIT",
      "optional": true,
      "os": [
        "linux"
      ]
    },
    "node_modules/@msgpackr-extract/msgpackr-extract-linux-x64": {
      "version": "3.0.4",
      "resolved": "https://registry.npmjs.org/@msgpackr-extract/msgpackr-extract-linux-x64/-/msgpackr-extract-linux-x64-3.0.4.tgz",
      "integrity": "sha512-8TNXMEjJc3QEy7R/x1INhgiU+XakDAFUzBhaz7+Rbrs8NH5UQeHQxxmzsSBJGyV6I1jW79undiQm8tOI+D+8FQ==",
      "cpu": [
        "x64"
      ],
      "license": "MIT",
      "optional": true,
      "os": [
        "linux"
      ]
    },
    "node_modules/@msgpackr-extract/msgpackr-extract-win32-x64": {
      "version": "3.0.4",
      "resolved": "https://registry.npmjs.org/@msgpackr-extract/msgpackr-extract-win32-x64/-/msgpackr-extract-win32-x64-3.0.4.tgz",
      "integrity": "sha512-CmCXPQrkbwExx3j946/PtHWHbYJiCRBRDl4BlkRQcJB/YOwQxJRTpoo7aTsortjgoJ1x7opzTSxn7C+ASSLVjQ==",
      "cpu": [
        "x64"
      ],
      "license": "MIT",
      "optional": true,
      "os": [
        "win32"
      ]
    },
    "node_modules/@noir-lang/acvm_js": {
      "version": "1.0.0-beta.26-40d6574.nightly",
      "resolved": "https://registry.npmjs.org/@noir-lang/acvm_js/-/acvm_js-1.0.0-beta.26-40d6574.nightly.tgz",
      "integrity": "sha512-BQL5NTjoEswJh82awAitpclsV7oaPBL1cLkHMD76ugyCL/zLYzMMg2pix4zZm66DMbkRTF7qoNuvT2z+D1uMjg==",
      "license": "MIT"
    },
    "node_modules/@noir-lang/noir_js": {
      "version": "1.0.0-beta.26-40d6574.nightly",
      "resolved": "https://registry.npmjs.org/@noir-lang/noir_js/-/noir_js-1.0.0-beta.26-40d6574.nightly.tgz",
      "integrity": "sha512-gHfOKPbWGzb47iYEhOh0y47iVQfOkolc26SkpmCN6lWGFldKyvcVnL7c+F5CBa7JBpF5iIXJpk3CYyFLNigT+Q==",
      "license": "(MIT OR Apache-2.0)",
      "dependencies": {
        "@noir-lang/acvm_js": "1.0.0-beta.26-40d6574.nightly",
        "@noir-lang/noirc_abi": "1.0.0-beta.26-40d6574.nightly",
        "@noir-lang/types": "1.0.0-beta.26-40d6574.nightly",
        "pako": "^3.0.1"
      }
    },
    "node_modules/@noir-lang/noir_js/node_modules/pako": {
      "version": "3.0.2",
      "resolved": "https://registry.npmjs.org/pako/-/pako-3.0.2.tgz",
      "integrity": "sha512-uBv6IT2aT1A78iU6dpNEbf6+CyhlV/6g9JlJs9kpgjFGFhruIICVRysF/W0SLzXg5+hCl+KroH7e4YUyfEmgLg==",
      "funding": [
        {
          "type": "github",
          "url": "https://github.com/sponsors/puzrin"
        },
        {
          "type": "github",
          "url": "https://github.com/sponsors/nodeca"
        }
      ],
      "license": "(MIT AND Zlib)"
    },
    "node_modules/@noir-lang/noirc_abi": {
      "version": "1.0.0-beta.26-40d6574.nightly",
      "resolved": "https://registry.npmjs.org/@noir-lang/noirc_abi/-/noirc_abi-1.0.0-beta.26-40d6574.nightly.tgz",
      "integrity": "sha512-qvTubdqLwc34/z8WbDCJvAOuFGtgwK/UgQDqy8c7SE4IqDFtGyPB4YBMFhEPTYXH4ecYdrmfiSz6++qGwRkxRA==",
      "license": "(MIT OR Apache-2.0)",
      "dependencies": {
        "@noir-lang/types": "1.0.0-beta.26-40d6574.nightly"
      }
    },
    "node_modules/@noir-lang/types": {
      "version": "1.0.0-beta.26-40d6574.nightly",
      "resolved": "https://registry.npmjs.org/@noir-lang/types/-/types-1.0.0-beta.26-40d6574.nightly.tgz",
      "integrity": "sha512-H4gcIHXc/FxlP4agBq22m8fKNI8HjS1gC9ok5YyzrvKGh+AdTFaYMm4iuiBkWJNgsC+8C2ydNzxvmY0DbrJJAQ==",
      "license": "(MIT OR Apache-2.0)"
    },
    "node_modules/@s2d/shared": {
      "resolved": "packages/shared",
      "link": true
    },
    "node_modules/@s2d/zk": {
      "resolved": "packages/zk",
      "link": true
    },
    "node_modules/comlink": {
      "version": "4.4.2",
      "resolved": "https://registry.npmjs.org/comlink/-/comlink-4.4.2.tgz",
      "integrity": "sha512-OxGdvBmJuNKSCMO4NTl1L47VRp6xn2wG4F/2hYzB6tiCb709otOxtEYCSvK80PtjODfXXZu8ds+Nw5kVCjqd2g==",
      "license": "Apache-2.0"
    },
    "node_modules/commander": {
      "version": "12.1.0",
      "resolved": "https://registry.npmjs.org/commander/-/commander-12.1.0.tgz",
      "integrity": "sha512-Vw8qHK3bZM9y/P10u3Vib8o/DdkvA2OtPtZvD871QKjy74Wj1WSKFILMPRPSdUSx5RFK1arlJzEtA4PkFgnbuA==",
      "license": "MIT",
      "engines": {
        "node": ">=18"
      }
    },
    "node_modules/detect-libc": {
      "version": "2.1.2",
      "resolved": "https://registry.npmjs.org/detect-libc/-/detect-libc-2.1.2.tgz",
      "integrity": "sha512-Btj2BOOO83o3WyH59e8MgXsxEQVcarkUOpEYrubB0urwnN10yQ364rsiByU11nZlqWYZm05i/of7io4mzihBtQ==",
      "license": "Apache-2.0",
      "optional": true,
      "engines": {
        "node": ">=8"
      }
    },
    "node_modules/idb-keyval": {
      "version": "6.3.0",
      "resolved": "https://registry.npmjs.org/idb-keyval/-/idb-keyval-6.3.0.tgz",
      "integrity": "sha512-um+2dgAWmYsu615EXpWVwSmapJhON0G43t3Ka/EVaohzPQXSMqKEqeDK/oIW3Ow+BXaF2PvSc+oBTFp793A5Ow==",
      "license": "Apache-2.0"
    },
    "node_modules/msgpackr": {
      "version": "1.12.1",
      "resolved": "https://registry.npmjs.org/msgpackr/-/msgpackr-1.12.1.tgz",
      "integrity": "sha512-4EUH9tQHnMmEgzW/MdAP0KIfa1T9AF+htl0ffe2n5vb2EKn9y2co8ccpgWko6S52Jy1PQZKwRnx5/KkYjtd9MQ==",
      "license": "MIT",
      "optionalDependencies": {
        "msgpackr-extract": "^3.0.2"
      }
    },
    "node_modules/msgpackr-extract": {
      "version": "3.0.4",
      "resolved": "https://registry.npmjs.org/msgpackr-extract/-/msgpackr-extract-3.0.4.tgz",
      "integrity": "sha512-4kmO/MdyUIkLIvTPr8VHLil4AtoKIoniWPIEk5+CDy0xnWC84azhSFmuJ7PxZdsYtiP5kEeQsORAVIeMgxT+Hw==",
      "hasInstallScript": true,
      "license": "MIT",
      "optional": true,
      "dependencies": {
        "node-gyp-build-optional-packages": "5.2.2"
      },
      "bin": {
        "download-msgpackr-prebuilds": "bin/download-prebuilds.js"
      },
      "optionalDependencies": {
        "@msgpackr-extract/msgpackr-extract-darwin-arm64": "3.0.4",
        "@msgpackr-extract/msgpackr-extract-darwin-x64": "3.0.4",
        "@msgpackr-extract/msgpackr-extract-linux-arm": "3.0.4",
        "@msgpackr-extract/msgpackr-extract-linux-arm64": "3.0.4",
        "@msgpackr-extract/msgpackr-extract-linux-x64": "3.0.4",
        "@msgpackr-extract/msgpackr-extract-win32-x64": "3.0.4"
      }
    },
    "node_modules/node-gyp-build-optional-packages": {
      "version": "5.2.2",
      "resolved": "https://registry.npmjs.org/node-gyp-build-optional-packages/-/node-gyp-build-optional-packages-5.2.2.tgz",
      "integrity": "sha512-s+w+rBWnpTMwSFbaE0UXsRlg7hU4FjekKU4eyAih5T8nJuNZT1nNsskXpxmeqSK9UzkBl6UgRlnKc8hz8IEqOw==",
      "license": "MIT",
      "optional": true,
      "dependencies": {
        "detect-libc": "^2.0.1"
      },
      "bin": {
        "node-gyp-build-optional-packages": "bin.js",
        "node-gyp-build-optional-packages-optional": "optional.js",
        "node-gyp-build-optional-packages-test": "build-test.js"
      }
    },
    "node_modules/pako": {
      "version": "2.2.0",
      "resolved": "https://registry.npmjs.org/pako/-/pako-2.2.0.tgz",
      "integrity": "sha512-zJq6RP/5q+TO2OpFV3FHzlPnFjmkb7Nc99a5SNjJE+uu/PkpChs+NIZSSzbBoD+6kjiISXjfYdwj1ZRQ81dz/w==",
      "funding": [
        {
          "type": "github",
          "url": "https://github.com/sponsors/puzrin"
        },
        {
          "type": "github",
          "url": "https://github.com/sponsors/nodeca"
        }
      ],
      "license": "(MIT AND Zlib)"
    },
    "node_modules/tslib": {
      "version": "2.8.1",
      "resolved": "https://registry.npmjs.org/tslib/-/tslib-2.8.1.tgz",
      "integrity": "sha512-oJFu94HQb+KVduSUQL7wnpmqnfmLsOA/nAh6b6EH0wCEoK0/mPeXU6c3wKDV83MkOuHPRHtSXKKU99IBazS/2w==",
      "license": "0BSD"
    },
    "packages/shared": {
      "name": "@s2d/shared",
      "version": "1.0.0",
      "devDependencies": {
        "typescript": "~5.9.2"
      }
    },
    "packages/shared/node_modules/typescript": {
      "version": "5.9.3",
      "dev": true,
      "license": "Apache-2.0",
      "bin": {
        "tsc": "bin/tsc",
        "tsserver": "bin/tsserver"
      },
      "engines": {
        "node": ">=14.17"
      }
    },
    "packages/zk": {
      "name": "@s2d/zk",
      "version": "1.0.0",
      "dependencies": {
        "@aztec/bb.js": "5.2.0",
        "@noir-lang/noir_js": "1.0.0-beta.26-40d6574.nightly"
      },
      "devDependencies": {
        "@types/node": "^22.10.2",
        "typescript": "~5.9.2"
      }
    },
    "packages/zk/node_modules/@types/node": {
      "version": "22.20.2",
      "dev": true,
      "license": "MIT",
      "dependencies": {
        "undici-types": "~6.21.0"
      }
    },
    "packages/zk/node_modules/typescript": {
      "version": "5.9.3",
      "dev": true,
      "license": "Apache-2.0",
      "bin": {
        "tsc": "bin/tsc",
        "tsserver": "bin/tsserver"
      },
      "engines": {
        "node": ">=14.17"
      }
    },
    "packages/zk/node_modules/undici-types": {
      "version": "6.21.0",
      "dev": true,
      "license": "MIT"
    }
  }
}
